<?xml version="1.0" encoding="utf-8"?>
<Project ToolsVersion="4.0" xmlns="http://schemas.microsoft.com/developer/msbuild/2003">
  <ItemGroup>
    <Filter Include="Source Files">
      <UniqueIdentifier>{4FC737F1-C7A5-4376-A066-2A32D752A2FF}</UniqueIdentifier>
      <Extensions>cpp;c;cc;cxx;def;odl;idl;hpj;bat;asm;asmx</Extensions>
    </Filter>
    <Filter Include="Header Files">
      <UniqueIdentifier>{93995380-89BD-4b04-88EB-625FBE52EBFB}</UniqueIdentifier>
      <Extensions>h;hh;hpp;hxx;hm;inl;inc;xsd</Extensions>
    </Filter>
    <Filter Include="Resource Files">
      <UniqueIdentifier>{67DA6AB6-F800-4c08-8B7A-83BB121AAD01}</UniqueIdentifier>
      <Extensions>rc;ico;cur;bmp;dlg;rc2;rct;bin;rgs;gif;jpg;jpeg;jpe;resx;tiff;tif;png;wav;mfcribbon-ms</Extensions>
    </Filter>
  </ItemGroup>
  <ItemGroup>
    <ClCompile Include="AssetLoader.cpp">
      <Filter>Source Files</Filter>
    </ClCompile>
    <ClCompile Include="AppController.cpp">
      <Filter>Source Files</Filter>
    </ClCompile>
    <ClCompile Include="City.cpp">
      <Filter>Source Files</Filter>
    </ClCompile>
    <ClCompile Include="ChunkConfig.cpp">
      <Filter>Source Files</Filter>
    </ClCompile>
    <ClCompile Include="GameSession.cpp">
      <Filter>Source Files</Filter>
    </ClCompile>
    <ClCompile Include="Lot.cpp">
      <Filter>Source Files</Filter>
    </ClCompile>
    <ClCompile Include="Road.cpp">
      <Filter>Source Files</Filter>
    </ClCompile>
    <ClCompile Include="RoadLane.cpp">
      <Filter>Source Files</Filter>
    </ClCompile>
    <ClCompile Include="RoadRenderState.cpp">
      <Filter>Source Files</Filter>
    </ClCompile>
    <ClCompile Include="Renderer.cpp">
      <Filter>Source Files</Filter>
    </ClCompile>
    <ClCompile Include="ShaderProgram.cpp">
      <Filter>Source Files</Filter>
    </ClCompile>
    <ClCompile Include="SimulationRuntime.cpp">
      <Filter>Source Files</Filter>
    </ClCompile>
    <ClCompile Include="Source.cpp">
      <Filter>Source Files</Filter>
    </ClCompile>
    <ClCompile Include="TransportCostMap.cpp">
      <Filter>Source Files</Filter>
    </ClCompile>
    <ClCompile Include="TransportTile.cpp">
      <Filter>Source Files</Filter>
    </ClCompile>
    <ClCompile Include="TransportNetwork.cpp">
      <Filter>Source Files</Filter>
    </ClCompile>
    <ClCompile Include="TransportTypes.cpp">
      <Filter>Source Files</Filter>
    </ClCompile>
  </ItemGroup>
  <ItemGroup>
    <None Include="Basic.shader">
      <Filter>Resource Files</Filter>
    </None>
    <None Include="Data\Lots\park_lot.xml">
      <Filter>Resource Files</Filter>
    </None>
    <None Include="Data\Lots\smokestack_lot.xml">
      <Filter>Resource Files</Filter>
    </None>
    <None Include="Data\Lots\factory_lot.xml">
      <Filter>Resource Files</Filter>
    </None>
    <None Include="Data\Lots\house_lot.xml">
      <Filter>Resource Files</Filter>
    </None>
    <None Include="Data\Modules\driveway_module.xml">
      <Filter>Resource Files</Filter>
    </None>
    <None Include="Data\Modules\garden_module.xml">
      <Filter>Resource Files</Filter>
    </None>
    <None Include="Data\Modules\house_module.xml">
      <Filter>Resource Files</Filter>
    </None>
    <None Include="Data\Modules\park_module.xml">
      <Filter>Resource Files</Filter>
    </None>
    <None Include="Data\Modules\smokestack_module.xml">
      <Filter>Resource Files</Filter>
    </None>
    <None Include="Data\Modules\warehouse_module.xml">
      <Filter>Resource Files</Filter>
    </None>
    <None Include="Data\TransportNetwork\congestion.xml">
      <Filter>Resource Files</Filter>
    </None>
  </ItemGroup>
  <ItemGroup>
    <ClInclude Include="AssetLoader.h">
      <Filter>Header Files</Filter>
    </ClInclude>
    <ClInclude Include="AppController.h">
      <Filter>Header Files</Filter>
    </ClInclude>
    <ClInclude Include="City.h">
      <Filter>Header Files</Filter>
    </ClInclude>
    <ClInclude Include="ChunkConfig.h">
      <Filter>Header Files</Filter>
    </ClInclude>
    <ClInclude Include="GameSession.h">
      <Filter>Header Files</Filter>
    </ClInclude>
    <ClInclude Include="Lot.h">
      <Filter>Header Files</Filter>
    </ClInclude>
    <ClInclude Include="LotModule.h">
      <Filter>Header Files</Filter>
    </ClInclude>
    <ClInclude Include="Road.h">
      <Filter>Header Files</Filter>
    </ClInclude>
    <ClInclude Include="RoadLane.h">
      <Filter>Header Files</Filter>
    </ClInclude>
    <ClInclude Include="RoadRenderState.h">
      <Filter>Header Files</Filter>
    </ClInclude>
    <ClInclude Include="Renderer.h">
      <Filter>Header Files</Filter>
    </ClInclude>
    <ClInclude Include="ShaderProgram.h">
      <Filter>Header Files</Filter>
    </ClInclude>
    <ClInclude Include="SimulationRuntime.h">
      <Filter>Header Files</Filter>
    </ClInclude>
    <ClInclude Include="Tile.h">
      <Filter>Header Files</Filter>
    </ClInclude>
    <ClInclude Include="TransportCostMap.h">
      <Filter>Header Files</Filter>
    </ClInclude>
    <ClInclude Include="TransportTile.h">
      <Filter>Header Files</Filter>
    </ClInclude>
    <ClInclude Include="TransportNetwork.h">
      <Filter>Header Files</Filter>
    </ClInclude>
    <ClInclude Include="TransportTypes.h">
      <Filter>Header Files</Filter>
    </ClInclude>
  </ItemGroup>
</Project>
